{
    "_meta": {
        "hash": {
            "sha256": "dbc3bb251ea55005602d6375f62ae0b08740fee0807b71a8792780b645907b0c"
        },
        "pipfile-spec": 6,
        "requires": {
            "python_version": "3.8"
        },
        "sources": [
            {
                "name": "pypi",
                "url": "https://pypi.org/simple",
                "verify_ssl": true
            }
        ]
    },
    "default": {
        "alembic": {
            "hashes": [
                "sha256:4e02ed2aa796bd179965041afa092c55b51fb077de19d61835673cc80672c01c",
                "sha256:5334f32314fb2a56d86b4c4dd1ae34b08c03cae4cb888bc699942104d66bc245"
            ],
            "markers": "python_version >= '2.7' and python_version not in '3.0, 3.1, 3.2, 3.3'",
            "version": "==1.4.3"
        },
        "babel": {
            "hashes": [
                "sha256:9d35c22fcc79893c3ecc85ac4a56cde1ecf3f19c540bba0922308a6c06ca6fa5",
                "sha256:da031ab54472314f210b0adcff1588ee5d1d1d0ba4dbd07b94dba82bde791e05"
            ],
            "markers": "python_version >= '2.7' and python_version not in '3.0, 3.1, 3.2, 3.3'",
            "version": "==2.9.0"
        },
        "chameleon": {
            "hashes": [
                "sha256:adf9609a2fa4ad20deb390605495f9a5d617b737bfbd86e51a49bbac2acaf316"
            ],
            "version": "==3.8.1"
        },
        "click": {
            "hashes": [
                "sha256:d2b5255c7c6349bc1bd1e59e08cd12acbbd63ce649f2588755783aa94dfb6b1a",
                "sha256:dacca89f4bfadd5de3d7489b7c8a566eee0d3676333fbb50030263894c38c0dc"
            ],
            "index": "pypi",
            "version": "==7.1.2"
        },
        "colorama": {
            "hashes": [
                "sha256:5941b2b48a20143d2267e95b1c2a7603ce057ee39fd88e7329b0c292aa16869b",
                "sha256:9f47eda37229f68eee03b24b9748937c7dc3868f906e8ba69fbcbdd3bc5dc3e2"
            ],
            "index": "pypi",
            "version": "==0.4.4"
        },
        "cryptacular": {
            "hashes": [
                "sha256:fb4d48716e88e4d050255ff0f065f6d437caa358ceef16ba5840c95cece224f9"
            ],
            "version": "==1.5.5"
        },
        "hupper": {
            "hashes": [
                "sha256:3818f53dabc24da66f65cf4878c1c7a9b5df0c46b813e014abdd7c569eb9a02a",
                "sha256:5de835f3b58324af2a8a16f52270c4d1a3d1734c45eed94b77fd622aea737f29"
            ],
            "markers": "python_version >= '2.7' and python_version not in '3.0, 3.1, 3.2, 3.3'",
            "version": "==1.10.2"
        },
        "lxml": {
            "hashes": [
                "sha256:098fb713b31050463751dcc694878e1d39f316b86366fb9fe3fbbe5396ac9fab",
                "sha256:0e89f5d422988c65e6936e4ec0fe54d6f73f3128c80eb7ecc3b87f595523607b",
                "sha256:189ad47203e846a7a4951c17694d845b6ade7917c47c64b29b86526eefc3adf5",
                "sha256:1d87936cb5801c557f3e981c9c193861264c01209cb3ad0964a16310ca1b3301",
                "sha256:211b3bcf5da70c2d4b84d09232534ad1d78320762e2c59dedc73bf01cb1fc45b",
                "sha256:2358809cc64394617f2719147a58ae26dac9e21bae772b45cfb80baa26bfca5d",
                "sha256:23c83112b4dada0b75789d73f949dbb4e8f29a0a3511647024a398ebd023347b",
                "sha256:24e811118aab6abe3ce23ff0d7d38932329c513f9cef849d3ee88b0f848f2aa9",
                "sha256:2d5896ddf5389560257bbe89317ca7bcb4e54a02b53a3e572e1ce4226512b51b",
                "sha256:2d6571c48328be4304aee031d2d5046cbc8aed5740c654575613c5a4f5a11311",
                "sha256:2e311a10f3e85250910a615fe194839a04a0f6bc4e8e5bb5cac221344e3a7891",
                "sha256:302160eb6e9764168e01d8c9ec6becddeb87776e81d3fcb0d97954dd51d48e0a",
                "sha256:3a7a380bfecc551cfd67d6e8ad9faa91289173bdf12e9cfafbd2bdec0d7b1ec1",
                "sha256:3d9b2b72eb0dbbdb0e276403873ecfae870599c83ba22cadff2db58541e72856",
                "sha256:475325e037fdf068e0c2140b818518cf6bc4aa72435c407a798b2db9f8e90810",
                "sha256:4b7572145054330c8e324a72d808c8c8fbe12be33368db28c39a255ad5f7fb51",
                "sha256:4fff34721b628cce9eb4538cf9a73d02e0f3da4f35a515773cce6f5fe413b360",
                "sha256:56eff8c6fb7bc4bcca395fdff494c52712b7a57486e4fbde34c31bb9da4c6cc4",
                "sha256:573b2f5496c7e9f4985de70b9bbb4719ffd293d5565513e04ac20e42e6e5583f",
                "sha256:7ecaef52fd9b9535ae5f01a1dd2651f6608e4ec9dc136fc4dfe7ebe3c3ddb230",
                "sha256:803a80d72d1f693aa448566be46ffd70882d1ad8fc689a2e22afe63035eb998a",
                "sha256:8862d1c2c020cb7a03b421a9a7b4fe046a208db30994fc8ff68c627a7915987f",
                "sha256:9b06690224258db5cd39a84e993882a6874676f5de582da57f3df3a82ead9174",
                "sha256:a71400b90b3599eb7bf241f947932e18a066907bf84617d80817998cee81e4bf",
                "sha256:bb252f802f91f59767dcc559744e91efa9df532240a502befd874b54571417bd",
                "sha256:be1ebf9cc25ab5399501c9046a7dcdaa9e911802ed0e12b7d620cd4bbf0518b3",
                "sha256:be7c65e34d1b50ab7093b90427cbc488260e4b3a38ef2435d65b62e9fa3d798a",
                "sha256:c0dac835c1a22621ffa5e5f999d57359c790c52bbd1c687fe514ae6924f65ef5",
                "sha256:c152b2e93b639d1f36ec5a8ca24cde4a8eefb2b6b83668fcd8e83a67badcb367",
                "sha256:d182eada8ea0de61a45a526aa0ae4bcd222f9673424e65315c35820291ff299c",
                "sha256:d18331ea905a41ae71596502bd4c9a2998902328bbabd29e3d0f5f8569fabad1",
                "sha256:d20d32cbb31d731def4b1502294ca2ee99f9249b63bc80e03e67e8f8e126dea8",
                "sha256:d4ad7fd3269281cb471ad6c7bafca372e69789540d16e3755dd717e9e5c9d82f",
                "sha256:d6f8c23f65a4bfe4300b85f1f40f6c32569822d08901db3b6454ab785d9117cc",
                "sha256:d84d741c6e35c9f3e7406cb7c4c2e08474c2a6441d59322a00dcae65aac6315d",
                "sha256:e65c221b2115a91035b55a593b6eb94aa1206fa3ab374f47c6dc10d364583ff9",
                "sha256:f98b6f256be6cec8dd308a8563976ddaff0bdc18b730720f6f4bee927ffe926f"
            ],
            "markers": "python_version >= '2.7' and python_version not in '3.0, 3.1, 3.2, 3.3, 3.4'",
            "version": "==4.6.1"
        },
        "mako": {
            "hashes": [
                "sha256:8195c8c1400ceb53496064314c6736719c6f25e7479cd24c77be3d9361cddc27",
                "sha256:93729a258e4ff0747c876bd9e20df1b9758028946e976324ccd2d68245c7b6a9"
            ],
            "markers": "python_version >= '2.7' and python_version not in '3.0, 3.1, 3.2, 3.3'",
            "version": "==1.1.3"
        },
        "markupsafe": {
            "hashes": [
                "sha256:00bc623926325b26bb9605ae9eae8a215691f33cae5df11ca5424f06f2d1f473",
                "sha256:09027a7803a62ca78792ad89403b1b7a73a01c8cb65909cd876f7fcebd79b161",
                "sha256:09c4b7f37d6c648cb13f9230d847adf22f8171b1ccc4d5682398e77f40309235",
                "sha256:1027c282dad077d0bae18be6794e6b6b8c91d58ed8a8d89a89d59693b9131db5",
                "sha256:13d3144e1e340870b25e7b10b98d779608c02016d5184cfb9927a9f10c689f42",
                "sha256:24982cc2533820871eba85ba648cd53d8623687ff11cbb805be4ff7b4c971aff",
                "sha256:29872e92839765e546828bb7754a68c418d927cd064fd4708fab9fe9c8bb116b",
                "sha256:43a55c2930bbc139570ac2452adf3d70cdbb3cfe5912c71cdce1c2c6bbd9c5d1",
                "sha256:46c99d2de99945ec5cb54f23c8cd5689f6d7177305ebff350a58ce5f8de1669e",
                "sha256:500d4957e52ddc3351cabf489e79c91c17f6e0899158447047588650b5e69183",
                "sha256:535f6fc4d397c1563d08b88e485c3496cf5784e927af890fb3c3aac7f933ec66",
                "sha256:596510de112c685489095da617b5bcbbac7dd6384aeebeda4df6025d0256a81b",
                "sha256:62fe6c95e3ec8a7fad637b7f3d372c15ec1caa01ab47926cfdf7a75b40e0eac1",
                "sha256:6788b695d50a51edb699cb55e35487e430fa21f1ed838122d722e0ff0ac5ba15",
                "sha256:6dd73240d2af64df90aa7c4e7481e23825ea70af4b4922f8ede5b9e35f78a3b1",
                "sha256:717ba8fe3ae9cc0006d7c451f0bb265ee07739daf76355d06366154ee68d221e",
                "sha256:79855e1c5b8da654cf486b830bd42c06e8780cea587384cf6545b7d9ac013a0b",
                "sha256:7c1699dfe0cf8ff607dbdcc1e9b9af1755371f92a68f706051cc8c37d447c905",
                "sha256:88e5fcfb52ee7b911e8bb6d6aa2fd21fbecc674eadd44118a9cc3863f938e735",
                "sha256:8defac2f2ccd6805ebf65f5eeb132adcf2ab57aa11fdf4c0dd5169a004710e7d",
                "sha256:98c7086708b163d425c67c7a91bad6e466bb99d797aa64f965e9d25c12111a5e",
                "sha256:9add70b36c5666a2ed02b43b335fe19002ee5235efd4b8a89bfcf9005bebac0d",
                "sha256:9bf40443012702a1d2070043cb6291650a0841ece432556f784f004937f0f32c",
                "sha256:ade5e387d2ad0d7ebf59146cc00c8044acbd863725f887353a10df825fc8ae21",
                "sha256:b00c1de48212e4cc9603895652c5c410df699856a2853135b3967591e4beebc2",
                "sha256:b1282f8c00509d99fef04d8ba936b156d419be841854fe901d8ae224c59f0be5",
                "sha256:b2051432115498d3562c084a49bba65d97cf251f5a331c64a12ee7e04dacc51b",
                "sha256:ba59edeaa2fc6114428f1637ffff42da1e311e29382d81b339c1817d37ec93c6",
                "sha256:c8716a48d94b06bb3b2524c2b77e055fb313aeb4ea620c8dd03a105574ba704f",
                "sha256:cd5df75523866410809ca100dc9681e301e3c27567cf498077e8551b6d20e42f",
                "sha256:cdb132fc825c38e1aeec2c8aa9338310d29d337bebbd7baa06889d09a60a1fa2",
                "sha256:e249096428b3ae81b08327a63a485ad0878de3fb939049038579ac0ef61e17e7",
                "sha256:e8313f01ba26fbbe36c7be1966a7b7424942f670f38e666995b88d012765b9be"
            ],
            "markers": "python_version >= '2.7' and python_version not in '3.0, 3.1, 3.2, 3.3'",
            "version": "==1.1.1"
        },
        "metapensiero.extjs.desktop": {
            "hashes": [
                "sha256:2556d67a32c4bc9a55208ce667f061037c955074dbac95c808a428e2dbc46696",
                "sha256:ccf378252ded3c7c589484867273352104ed586633d7960bf99e2a25d0cfccca"
            ],
            "version": "==1.44"
        },
        "metapensiero.sqlalchemy.proxy": {
            "hashes": [
                "sha256:38d6f13370807f786886c6013997c68b2494e2998feff70c2a3d336a7861db26",
                "sha256:fb42e173247f3244121161f9798132feb5037efb7b56c0a3add03b2087b31876"
            ],
            "version": "==5.14"
        },
        "pastedeploy": {
            "hashes": [
                "sha256:14923cfd6ad4281b570693afc278bab5076fbdd4cd15aa9d99b042d694aa4217",
                "sha256:6dead6ab9823a85d585ef27f878bc647f787edb9ca8da0716aa9f1261b464817"
            ],
            "version": "==2.1.1"
        },
        "pbkdf2": {
            "hashes": [
                "sha256:ac6397369f128212c43064a2b4878038dab78dab41875364554aaf2a684e6979"
            ],
            "version": "==1.3"
        },
        "pillow": {
            "hashes": [
                "sha256:006de60d7580d81f4a1a7e9f0173dc90a932e3905cc4d47ea909bc946302311a",
                "sha256:0a2e8d03787ec7ad71dc18aec9367c946ef8ef50e1e78c71f743bc3a770f9fae",
                "sha256:0eeeae397e5a79dc088d8297a4c2c6f901f8fb30db47795113a4a605d0f1e5ce",
                "sha256:11c5c6e9b02c9dac08af04f093eb5a2f84857df70a7d4a6a6ad461aca803fb9e",
                "sha256:2fb113757a369a6cdb189f8df3226e995acfed0a8919a72416626af1a0a71140",
                "sha256:4b0ef2470c4979e345e4e0cc1bbac65fda11d0d7b789dbac035e4c6ce3f98adb",
                "sha256:59e903ca800c8cfd1ebe482349ec7c35687b95e98cefae213e271c8c7fffa021",
                "sha256:5abd653a23c35d980b332bc0431d39663b1709d64142e3652890df4c9b6970f6",
                "sha256:5f9403af9c790cc18411ea398a6950ee2def2a830ad0cfe6dc9122e6d528b302",
                "sha256:6b4a8fd632b4ebee28282a9fef4c341835a1aa8671e2770b6f89adc8e8c2703c",
                "sha256:6c1aca8231625115104a06e4389fcd9ec88f0c9befbabd80dc206c35561be271",
                "sha256:795e91a60f291e75de2e20e6bdd67770f793c8605b553cb6e4387ce0cb302e09",
                "sha256:7ba0ba61252ab23052e642abdb17fd08fdcfdbbf3b74c969a30c58ac1ade7cd3",
                "sha256:7c9401e68730d6c4245b8e361d3d13e1035cbc94db86b49dc7da8bec235d0015",
                "sha256:81f812d8f5e8a09b246515fac141e9d10113229bc33ea073fec11403b016bcf3",
                "sha256:895d54c0ddc78a478c80f9c438579ac15f3e27bf442c2a9aa74d41d0e4d12544",
                "sha256:8de332053707c80963b589b22f8e0229f1be1f3ca862a932c1bcd48dafb18dd8",
                "sha256:92c882b70a40c79de9f5294dc99390671e07fc0b0113d472cbea3fde15db1792",
                "sha256:95edb1ed513e68bddc2aee3de66ceaf743590bf16c023fb9977adc4be15bd3f0",
                "sha256:b63d4ff734263ae4ce6593798bcfee6dbfb00523c82753a3a03cbc05555a9cc3",
                "sha256:bd7bf289e05470b1bc74889d1466d9ad4a56d201f24397557b6f65c24a6844b8",
                "sha256:cc3ea6b23954da84dbee8025c616040d9aa5eaf34ea6895a0a762ee9d3e12e11",
                "sha256:cc9ec588c6ef3a1325fa032ec14d97b7309db493782ea8c304666fb10c3bd9a7",
                "sha256:d3d07c86d4efa1facdf32aa878bd508c0dc4f87c48125cc16b937baa4e5b5e11",
                "sha256:d8a96747df78cda35980905bf26e72960cba6d355ace4780d4bdde3b217cdf1e",
                "sha256:e38d58d9138ef972fceb7aeec4be02e3f01d383723965bfcef14d174c8ccd039",
                "sha256:eb472586374dc66b31e36e14720747595c2b265ae962987261f044e5cce644b5",
                "sha256:fbd922f702582cb0d71ef94442bfca57624352622d75e3be7a1e7e9360b07e72"
            ],
            "markers": "python_version >= '3.6'",
            "version": "==8.0.1"
        },
        "plaster": {
            "hashes": [
                "sha256:215c921a438b5349931fd7df9a5a11a3572947f20f4bc6dd622ac08f1c3ba249",
                "sha256:8351c7c7efdf33084c1de88dd0f422cbe7342534537b553c49b857b12d98c8c3"
            ],
            "markers": "python_version >= '2.7' and python_version not in '3.0, 3.1, 3.2, 3.3'",
            "version": "==1.0"
        },
        "plaster-pastedeploy": {
            "hashes": [
                "sha256:391d93a4e1ff81fc3bae27508ebb765b61f1724ae6169f83577f06b6357be7fd",
                "sha256:7c8aa37c917b615c70bf942b24dc1e0455c49f62f1a2214b1a0dd98871644bbb"
            ],
            "markers": "python_version >= '2.7' and python_version not in '3.0, 3.1, 3.2, 3.3'",
            "version": "==0.7"
        },
        "pycountry": {
            "hashes": [
                "sha256:81084a53d3454344c0292deebc20fcd0a1488c136d4900312cbd465cf552cb42"
            ],
            "version": "==20.7.3"
        },
        "pygal": {
            "hashes": [
                "sha256:27abab93cbc31e21f3c6bdecc05bda6cd3570cbdbd8297b7caa6904051b50d72",
                "sha256:9204f05380b02a8a32f9bf99d310b51aa2a932cba5b369f7a4dc3705f0a4ce83"
            ],
            "version": "==2.4.0"
        },
        "pygal-maps-world": {
            "hashes": [
                "sha256:8987fcf7f067b56f40f2f83b4f87baf9456164bbff0995715377020fc533db0f"
            ],
            "version": "==1.0.2"
        },
        "pyramid": {
            "hashes": [
                "sha256:4d7f557b19932b4f719b6e1a81c96aebd49b990124e10175ea2b866e976e6a66",
                "sha256:fe1bd1140e6b79fe07f0053981d49be2dc66656cc8b481dd7ffcaa872fc25467"
            ],
            "markers": "python_version >= '2.7' and python_version not in '3.0, 3.1, 3.2, 3.3'",
            "version": "==1.10.5"
        },
        "pyramid-chameleon": {
            "hashes": [
                "sha256:d176792a50eb015d7865b44bd9b24a7bd0489fa9a5cebbd17b9e05048cef9017"
            ],
            "version": "==0.3"
        },
        "pyramid-mako": {
            "hashes": [
                "sha256:0066c863441f1c3ddea60cee1ccc50d00a91a317a8052ca44131da1a12a840e2",
                "sha256:76104592d292b6974cf7080aa52405c51f396a621535f01e274d7fe546e85a43"
            ],
            "version": "==1.1.0"
        },
        "pyramid-tm": {
            "hashes": [
                "sha256:4a4e212cd239f06c496d074f5d294e88478b94059541448bc151d505f653be59",
                "sha256:5fd6d4ac9181a65ec54e5b280229ed6d8b3ed6a8f5a0bcff05c572751f086533"
            ],
            "version": "==2.4"
        },
        "python-dateutil": {
            "hashes": [
                "sha256:73ebfe9dbf22e832286dafa60473e4cd239f8592f699aa5adaf10050e6e1823c",
                "sha256:75bb3f31ea686f1197762692a9ee6a7550b59fc6ca3a1f4b5d7e32fb98e2da2a"
            ],
            "markers": "python_version >= '2.7' and python_version not in '3.0, 3.1, 3.2, 3.3'",
            "version": "==2.8.1"
        },
        "python-editor": {
            "hashes": [
                "sha256:1bf6e860a8ad52a14c3ee1252d5dc25b2030618ed80c022598f00176adc8367d",
                "sha256:51fda6bcc5ddbbb7063b2af7509e43bd84bfc32a4ff71349ec7847713882327b",
                "sha256:5f98b069316ea1c2ed3f67e7f5df6c0d8f10b689964a4a811ff64f0106819ec8",
                "sha256:c3da2053dbab6b29c94e43c486ff67206eafbe7eb52dbec7390b5e2fb05aac77",
                "sha256:ea87e17f6ec459e780e4221f295411462e0d0810858e055fc514684350a2f522"
            ],
            "version": "==1.0.4"
        },
        "pytils": {
            "hashes": [
                "sha256:1e85118d095d48928fef1a73e3e1dccdbc07bc931131705976b7dd05b66627fc"
            ],
            "version": "==0.3"
        },
        "pytz": {
            "hashes": [
                "sha256:3e6b7dd2d1e0a59084bcee14a17af60c5c562cdc16d828e8eba2e683d3a7e268",
                "sha256:5c55e189b682d420be27c6995ba6edce0c0a77dd67bfbe2ae6607134d5851ffd"
            ],
            "version": "==2020.4"
        },
        "pyyaml": {
            "hashes": [
                "sha256:06a0d7ba600ce0b2d2fe2e78453a470b5a6e000a985dd4a4e54e436cc36b0e97",
                "sha256:240097ff019d7c70a4922b6869d8a86407758333f02203e0fc6ff79c5dcede76",
                "sha256:4f4b913ca1a7319b33cfb1369e91e50354d6f07a135f3b901aca02aa95940bd2",
                "sha256:69f00dca373f240f842b2931fb2c7e14ddbacd1397d57157a9b005a6a9942648",
                "sha256:73f099454b799e05e5ab51423c7bcf361c58d3206fa7b0d555426b1f4d9a3eaf",
                "sha256:74809a57b329d6cc0fdccee6318f44b9b8649961fa73144a98735b0aaf029f1f",
                "sha256:7739fc0fa8205b3ee8808aea45e968bc90082c10aef6ea95e855e10abf4a37b2",
                "sha256:95f71d2af0ff4227885f7a6605c37fd53d3a106fcab511b8860ecca9fcf400ee",
                "sha256:b8eac752c5e14d3eca0e6dd9199cd627518cb5ec06add0de9d32baeee6fe645d",
                "sha256:cc8955cfbfc7a115fa81d85284ee61147059a753344bc51098f3ccd69b0d7e0c",
                "sha256:d13155f591e6fcc1ec3b30685d50bf0711574e2c0dfffd7644babf8b5102ca1a"
            ],
            "version": "==5.3.1"
        },
        "reportlab": {
            "hashes": [
                "sha256:06be7f04a631f02cd0202f7dee0d3e61dc265223f4ff861525ed7784b5552540",
                "sha256:0a788a537c48915eda083485b59ac40ac012fa7c43070069bde6eb5ea588313c",
                "sha256:1a7a38810e79653d0ea8e61db4f0517ac2a0e76edd2497cf6d4969dd3be30030",
                "sha256:22301773db730545b44d4c77d8f29baf5683ccabec9883d978e8b8eda6d2175f",
                "sha256:2906321b3d2779faafe47e2c13f9c69e1fb4ddb907f5a49cab3f9b0ea95df1f5",
                "sha256:2d65f9cc5c0d3f63b5d024e6cf92234f1ab1f267cc9e5a847ab5d3efe1c3cf3e",
                "sha256:2e012f7b845ef9f1f5bd63461d5201fa624b019a65ff5a93d0002b4f915bbc89",
                "sha256:31ccfdbf5bb5ec85f0397661085ce4c9e52537ca0d2bf4220259666a4dcc55c2",
                "sha256:3e10bd20c8ada9f7e1113157aa73b8e0048f2624e74794b73799c3deb13d7a3f",
                "sha256:440d5f86c2b822abdb7981d691a78bdcf56f4710174830283034235ab2af2969",
                "sha256:4f307accda32c9f17015ed77c7424f904514e349dff063f78d2462d715963e53",
                "sha256:59659ee8897950fd1acd41a9cc61f4afdfda52dc2bb69a1924ce68089491849d",
                "sha256:6216b11313467989ac9d9578ea3756d0af46e97184ee4e11a6b7ef652458f70d",
                "sha256:6268a9a3d75e714b22beeb7687270956b06b232ccfdf37b1c6462961eab04457",
                "sha256:6b226830f80df066d5986a3fdb3eb4d1b6320048f3d9ade539a6c03a5bc8b3ec",
                "sha256:6e10eba6a0e330096f4200b18824b3194c399329b7830e34baee1c04ea07f99f",
                "sha256:6e224c16c3d6fafdb2fb67b33c4b84d984ec34869834b3a137809f2fe5b84778",
                "sha256:7da162fa677b90bd14f19b20ff80fec18c24a31ac44e5342ba49e198b13c4f92",
                "sha256:8406e960a974a65b765c9ff74b269aa64718b4af1e8c511ebdbd9a5b44b0c7e6",
                "sha256:8999bb075102d1b8ca4aada6ca14653d52bf02e37fd064e477eb180741f75077",
                "sha256:8f6163729612e815b89649aed2e237505362a78014199f819fd92f9e5c96769b",
                "sha256:9699fa8f0911ad56b46cc60bbaebe1557fd1c9e8da98185a7a1c0c40193eba48",
                "sha256:9a53d76eec33abda11617aad1c9f5f4a2d906dd2f92a03a3f1ea370efbb52c95",
                "sha256:9ed4d761b726ff411565eddb10cb37a6bca0ec873d9a18a83cf078f4502a2d94",
                "sha256:a020d308e7c2de284d5407e3c6c13e3977a62b314f7bfe19bcc69677931da589",
                "sha256:a2e6c15aecbe631245aab639751a58671312cced7e17de1ed9c45fb37036f6c9",
                "sha256:b10cb48606d97b70edb094576e3d493d40467395e4fc267655135a2c92defbe8",
                "sha256:b8d6e9df5181ed07b7ae145258eb69e686133afc97930af51a3c0c9d784d834d",
                "sha256:bbb297754f5cf25eb8fcb817752984252a7feb0ca83e383718e4eec2fb67ea32",
                "sha256:be90599e5e78c1ddfcfee8c752108def58b4c672ebcc4d3d9aa7fe65e7d3f16b",
                "sha256:bfdfad9b8ae00bd0752b77f954c7405327fd99b2cc6d5e4273e65be61429d56a",
                "sha256:c1e5ef5089e16b249388f65d8c8f8b74989e72eb8332060dc580a2ecb967cfc2",
                "sha256:c5ed342e29a5fd7eeb0f2ccf7e5b946b5f750f05633b2d6a94b1c02094a77967",
                "sha256:c7087a26b26aa82a3ba27e13e66f507cc697f9ceb4c046c0f758876b55f040a5",
                "sha256:cf589e980d92b0bf343fa512b9d3ae9ed0469cbffd99cb270b6c83da143cb437",
                "sha256:e6fb762e524a4fb118be9f44dbd9456cf80e42253ee8f1bdb0ea5c1f882d4ba8",
                "sha256:f2fde5abb6f21c1eff5430f380cdbbee7fdeda6af935a83730ddce9f0c4e504e",
                "sha256:f585b3bf7062c228306acd7f40b2ad915b32603228c19bb225952cc98fd2015a",
                "sha256:f955a6366cf8e6729776c96e281bede468acd74f6eb49a5bbb048646adaa43d8",
                "sha256:fe882fd348d8429debbdac4518d6a42888a7f4ad613dc596ce94788169caeb08"
            ],
            "version": "==3.5.55"
        },
        "resources": {
            "hashes": [
                "sha256:02547fbca96492b4a9e0a39c83bc922b8ed8f2969ee9909ceedf3609821eb900"
            ],
            "index": "pypi",
            "version": "==0.0.1"
        },
        "six": {
            "hashes": [
                "sha256:30639c035cdb23534cd4aa2dd52c3bf48f06e5f4a941509c8bafd8ce11080259",
                "sha256:8b74bedcbbbaca38ff6d7491d76f2b06b3592611af620f8426e82dddb04a5ced"
            ],
            "markers": "python_version >= '2.7' and python_version not in '3.0, 3.1, 3.2, 3.3'",
            "version": "==1.15.0"
        },
        "sol": {
            "hashes": [
                "sha256:47c0cbb2226f6c21304392ac07ce0086745c6e02a4bf7c2f0a550eed9992273d",
                "sha256:b72c229645855e92d6b14bf25abc331b498241b9fe4fac5e15c069a8247daea5"
            ],
            "index": "pypi",
            "version": "==3.39"
        },
        "sqlalchemy": {
            "hashes": [
                "sha256:009e8388d4d551a2107632921320886650b46332f61dc935e70c8bcf37d8e0d6",
                "sha256:0157c269701d88f5faf1fa0e4560e4d814f210c01a5b55df3cab95e9346a8bcc",
                "sha256:0a92745bb1ebbcb3985ed7bda379b94627f0edbc6c82e9e4bac4fb5647ae609a",
                "sha256:0cca1844ba870e81c03633a99aa3dc62256fb96323431a5dec7d4e503c26372d",
                "sha256:166917a729b9226decff29416f212c516227c2eb8a9c9f920d69ced24e30109f",
                "sha256:1f5f369202912be72fdf9a8f25067a5ece31a2b38507bb869306f173336348da",
                "sha256:2909dffe5c9a615b7e6c92d1ac2d31e3026dc436440a4f750f4749d114d88ceb",
                "sha256:2b5dafed97f778e9901b79cc01b88d39c605e0545b4541f2551a2fd785adc15b",
                "sha256:2e9bd5b23bba8ae8ce4219c9333974ff5e103c857d9ff0e4b73dc4cb244c7d86",
                "sha256:3aa6d45e149a16aa1f0c46816397e12313d5e37f22205c26e06975e150ffcf2a",
                "sha256:4bdbdb8ca577c6c366d15791747c1de6ab14529115a2eb52774240c412a7b403",
                "sha256:53fd857c6c8ffc0aa6a5a3a2619f6a74247e42ec9e46b836a8ffa4abe7aab327",
                "sha256:5cdfe54c1e37279dc70d92815464b77cd8ee30725adc9350f06074f91dbfeed2",
                "sha256:5d92c18458a4aa27497a986038d5d797b5279268a2de303cd00910658e8d149c",
                "sha256:632b32183c0cb0053194a4085c304bc2320e5299f77e3024556fa2aa395c2a8b",
                "sha256:7c735c7a6db8ee9554a3935e741cf288f7dcbe8706320251eb38c412e6a4281d",
                "sha256:7cd40cb4bc50d9e87b3540b23df6e6b24821ba7e1f305c1492b0806c33dbdbec",
                "sha256:84f0ac4a09971536b38cc5d515d6add7926a7e13baa25135a1dbb6afa351a376",
                "sha256:8dcbf377529a9af167cbfc5b8acec0fadd7c2357fc282a1494c222d3abfc9629",
                "sha256:950f0e17ffba7a7ceb0dd056567bc5ade22a11a75920b0e8298865dc28c0eff6",
                "sha256:9e379674728f43a0cd95c423ac0e95262500f9bfd81d33b999daa8ea1756d162",
                "sha256:b15002b9788ffe84e42baffc334739d3b68008a973d65fad0a410ca5d0531980",
                "sha256:b6f036ecc017ec2e2cc2a40615b41850dc7aaaea6a932628c0afc73ab98ba3fb",
                "sha256:bad73f9888d30f9e1d57ac8829f8a12091bdee4949b91db279569774a866a18e",
                "sha256:bbc58fca72ce45a64bb02b87f73df58e29848b693869e58bd890b2ddbb42d83b",
                "sha256:bca4d367a725694dae3dfdc86cf1d1622b9f414e70bd19651f5ac4fb3aa96d61",
                "sha256:be41d5de7a8e241864189b7530ca4aaf56a5204332caa70555c2d96379e18079",
                "sha256:bf53d8dddfc3e53a5bda65f7f4aa40fae306843641e3e8e701c18a5609471edf",
                "sha256:c092fe282de83d48e64d306b4bce03114859cdbfe19bf8a978a78a0d44ddadb1",
                "sha256:c3ab23ee9674336654bf9cac30eb75ac6acb9150dc4b1391bec533a7a4126471",
                "sha256:ce64a44c867d128ab8e675f587aae7f61bd2db836a3c4ba522d884cd7c298a77",
                "sha256:d05cef4a164b44ffda58200efcb22355350979e000828479971ebca49b82ddb1",
                "sha256:d2f25c7f410338d31666d7ddedfa67570900e248b940d186b48461bd4e5569a1",
                "sha256:d3b709d64b5cf064972b3763b47139e4a0dc4ae28a36437757f7663f67b99710",
                "sha256:e32e3455db14602b6117f0f422f46bc297a3853ae2c322ecd1e2c4c04daf6ed5",
                "sha256:ed53209b5f0f383acb49a927179fa51a6e2259878e164273ebc6815f3a752465",
                "sha256:f605f348f4e6a2ba00acb3399c71d213b92f27f2383fc4abebf7a37368c12142",
                "sha256:fcdb3755a7c355bc29df1b5e6fb8226d5c8b90551d202d69d0076a8a5649d68b"
            ],
            "markers": "python_version >= '2.7' and python_version not in '3.0, 3.1, 3.2, 3.3'",
            "version": "==1.3.20"
        },
        "termcolor": {
            "hashes": [
                "sha256:1d6d69ce66211143803fbc56652b41d73b4a400a2891d7bf7a1cdf4c02de613b"
            ],
            "index": "pypi",
            "version": "==1.1.0"
        },
        "tools": {
            "hashes": [
                "sha256:7b7f998462cf5b02635fba76cc7cdb3653468aa46ff074b979dbecdb2a2fb014"
            ],
            "index": "pypi",
            "version": "==0.1.9"
        },
        "transaction": {
            "hashes": [
                "sha256:3b0ad400cb7fa25f95d1516756c4c4557bb78890510f69393ad0bd15869eaa2d",
                "sha256:e0397e7733124e23a670cd3eee4096c197b48f1e14730d7cc7da868389f016b7"
            ],
            "version": "==3.0.0"
        },
        "translationstring": {
            "hashes": [
                "sha256:5f4dc4d939573db851c8d840551e1a0fb27b946afe3b95aafc22577eed2d6262",
                "sha256:bf947538d76e69ba12ab17283b10355a9ecfbc078e6123443f43f2107f6376f3"
            ],
            "version": "==1.4"
        },
        "venusian": {
            "hashes": [
                "sha256:06e7385786ad3a15c70740b2af8d30dfb063a946a851dcb4159f9e2a2302578f",
                "sha256:f6842b7242b1039c0c28f6feef29016e7e7dd3caaeb476a193acf737db31ee38"
            ],
            "markers": "python_version >= '3.5'",
            "version": "==3.0.0"
        },
        "waitress": {
            "hashes": [
                "sha256:1bb436508a7487ac6cb097ae7a7fe5413aefca610550baf58f0940e51ecfb261",
                "sha256:3d633e78149eb83b60a07dfabb35579c29aac2d24bb803c18b26fb2ab1a584db"
            ],
            "markers": "python_version >= '2.7' and python_version not in '3.0, 3.1, 3.2, 3.3, 3.4'",
            "version": "==1.4.4"
        },
        "webob": {
            "hashes": [
                "sha256:a3c89a8e9ba0aeb17382836cdb73c516d0ecf6630ec40ec28288f3ed459ce87b",
                "sha256:aa3a917ed752ba3e0b242234b2a373f9c4e2a75d35291dcbe977649bd21fd108"
            ],
            "markers": "python_version >= '2.7' and python_version not in '3.0, 3.1, 3.2, 3.3'",
            "version": "==1.8.6"
        },
        "zope.deprecation": {
            "hashes": [
                "sha256:0d453338f04bacf91bbfba545d8bcdf529aa829e67b705eac8c1a7fdce66e2df",
                "sha256:f1480b74995958b24ce37b0ef04d3663d2683e5d6debc96726eff18acf4ea113"
            ],
            "version": "==4.4.0"
        },
        "zope.interface": {
            "hashes": [
                "sha256:05a97ba92c1c7c26f25c9f671aa1ef85ffead6cdad13770e5b689cf983adc7e1",
                "sha256:07d61722dd7d85547b7c6b0f5486b4338001fab349f2ac5cabc0b7182eb3425d",
                "sha256:0a990dcc97806e5980bbb54b2e46b9cde9e48932d8e6984daf71ef1745516123",
                "sha256:150e8bcb7253a34a4535aeea3de36c0bb3b1a6a47a183a95d65a194b3e07f232",
                "sha256:1743bcfe45af8846b775086471c28258f4c6e9ee8ef37484de4495f15a98b549",
                "sha256:1b5f6c8fff4ed32aa2dd43e84061bc8346f32d3ba6ad6e58f088fe109608f102",
                "sha256:21e49123f375703cf824214939d39df0af62c47d122d955b2a8d9153ea08cfd5",
                "sha256:21f579134a47083ffb5ddd1307f0405c91aa8b61ad4be6fd5af0171474fe0c45",
                "sha256:27c267dc38a0f0079e96a2945ee65786d38ef111e413c702fbaaacbab6361d00",
                "sha256:299bde0ab9e5c4a92f01a152b7fbabb460f31343f1416f9b7b983167ab1e33bc",
                "sha256:2ab88d8f228f803fcb8cb7d222c579d13dab2d3622c51e8cf321280da01102a7",
                "sha256:2ced4c35061eea623bc84c7711eedce8ecc3c2c51cd9c6afa6290df3bae9e104",
                "sha256:2dcab01c660983ba5e5a612e0c935141ccbee67d2e2e14b833e01c2354bd8034",
                "sha256:32546af61a9a9b141ca38d971aa6eb9800450fa6620ce6323cc30eec447861f3",
                "sha256:32b40a4c46d199827d79c86bb8cb88b1bbb764f127876f2cb6f3a47f63dbada3",
                "sha256:3cc94c69f6bd48ed86e8e24f358cb75095c8129827df1298518ab860115269a4",
                "sha256:42b278ac0989d6f5cf58d7e0828ea6b5951464e3cf2ff229dd09a96cb6ba0c86",
                "sha256:495b63fd0302f282ee6c1e6ea0f1c12cb3d1a49c8292d27287f01845ff252a96",
                "sha256:4af87cdc0d4b14e600e6d3d09793dce3b7171348a094ba818e2a68ae7ee67546",
                "sha256:4b94df9f2fdde7b9314321bab8448e6ad5a23b80542dcab53e329527d4099dcb",
                "sha256:4c48ddb63e2b20fba4c6a2bf81b4d49e99b6d4587fb67a6cd33a2c1f003af3e3",
                "sha256:4df9afd17bd5477e9f8c8b6bb8507e18dd0f8b4efe73bb99729ff203279e9e3b",
                "sha256:518950fe6a5d56f94ba125107895f938a4f34f704c658986eae8255edb41163b",
                "sha256:538298e4e113ccb8b41658d5a4b605bebe75e46a30ceca22a5a289cf02c80bec",
                "sha256:55465121e72e208a7b69b53de791402affe6165083b2ea71b892728bd19ba9ae",
                "sha256:588384d70a0f19b47409cfdb10e0c27c20e4293b74fc891df3d8eb47782b8b3e",
                "sha256:6278c080d4afffc9016e14325f8734456831124e8c12caa754fd544435c08386",
                "sha256:64ea6c221aeee4796860405e1aedec63424cda4202a7ad27a5066876db5b0fd2",
                "sha256:681dbb33e2b40262b33fd383bae63c36d33fd79fa1a8e4092945430744ffd34a",
                "sha256:6936aa9da390402d646a32a6a38d5409c2d2afb2950f045a7d02ab25a4e7d08d",
                "sha256:778d0ec38bbd288b150a3ae363c8ffd88d2207a756842495e9bffd8a8afbc89a",
                "sha256:8251f06a77985a2729a8bdbefbae79ee78567dddc3acbd499b87e705ca59fe24",
                "sha256:83b4aa5344cce005a9cff5d0321b2e318e871cc1dfc793b66c32dd4f59e9770d",
                "sha256:844fad925ac5c2ad4faaceb3b2520ad016b5280105c6e16e79838cf951903a7b",
                "sha256:8ceb3667dd13b8133f2e4d637b5b00f240f066448e2aa89a41f4c2d78a26ce50",
                "sha256:92dc0fb79675882d0b6138be4bf0cec7ea7c7eede60aaca78303d8e8dbdaa523",
                "sha256:9789bd945e9f5bd026ed3f5b453d640befb8b1fc33a779c1fe8d3eb21fe3fb4a",
                "sha256:a2b6d6eb693bc2fc6c484f2e5d93bd0b0da803fa77bf974f160533e555e4d095",
                "sha256:aab9f1e34d810feb00bf841993552b8fcc6ae71d473c505381627143d0018a6a",
                "sha256:abb61afd84f23099ac6099d804cdba9bd3b902aaaded3ffff47e490b0a495520",
                "sha256:adf9ee115ae8ff8b6da4b854b4152f253b390ba64407a22d75456fe07dcbda65",
                "sha256:aedc6c672b351afe6dfe17ff83ee5e7eb6ed44718f879a9328a68bdb20b57e11",
                "sha256:b7a00ecb1434f8183395fac5366a21ee73d14900082ca37cf74993cf46baa56c",
                "sha256:ba32f4a91c1cb7314c429b03afbf87b1fff4fb1c8db32260e7310104bd77f0c7",
                "sha256:cbd0f2cbd8689861209cd89141371d3a22a11613304d1f0736492590aa0ab332",
                "sha256:e4bc372b953bf6cec65a8d48482ba574f6e051621d157cf224227dbb55486b1e",
                "sha256:eccac3d9aadc68e994b6d228cb0c8919fc47a5350d85a1b4d3d81d1e98baf40c",
                "sha256:efd550b3da28195746bb43bd1d815058181a7ca6d9d6aa89dd37f5eefe2cacb7",
                "sha256:efef581c8ba4d990770875e1a2218e856849d32ada2680e53aebc5d154a17e20",
                "sha256:f057897711a630a0b7a6a03f1acf379b6ba25d37dc5dc217a97191984ba7f2fc",
                "sha256:f37d45fab14ffef9d33a0dc3bc59ce0c5313e2253323312d47739192da94f5fd",
                "sha256:f44906f70205d456d503105023041f1e63aece7623b31c390a0103db4de17537"
            ],
            "markers": "python_version >= '2.7' and python_version not in '3.0, 3.1, 3.2, 3.3, 3.4'",
            "version": "==5.2.0"
        },
        "zope.sqlalchemy": {
            "hashes": [
                "sha256:607d65c7974b2aa586f0608ca740b03ddb582ad84ceb3545b55ad5a402fd6dff",
                "sha256:b9c689d39d83856b5a81ac45dbd3317762bf6a2b576c5dd13aaa2c56e0168154"
            ],
            "version": "==1.3"
        }
    },
    "develop": {}
}
